
Microsoft Visual Studio Solution File, Format Version 12.00
# Visual Studio 15
VisualStudioVersion = 15.0.27703.2042
MinimumVisualStudioVersion = 10.0.40219.1
Project("{FAE04EC0-301F-11D3-BF4B-00C04F79EFBC}") = "OfficeApp", "OfficeApp\OfficeApp\OfficeApp.csproj", "{B012F373-A134-4CBB-882A-98C34AC4A951}"
EndProject
Project("{FAE04EC0-301F-11D3-BF4B-00C04F79EFBC}") = "OfficeApp.Android", "OfficeApp\OfficeApp.Android\OfficeApp.Android.csproj", "{1969D59E-1306-4B04-B39C-A8EBC7BD2B06}"
EndProject
Project("{FAE04EC0-301F-11D3-BF4B-00C04F79EFBC}") = "OfficeApp.iOS", "OfficeApp\OfficeApp.iOS\OfficeApp.iOS.csproj", "{5FE26DBE-6517-4095-B508-0EF181C68A57}"
EndProject
Global
	GlobalSection(SolutionConfigurationPlatforms) = preSolution
		Ad-Hoc|Any CPU = Ad-Hoc|Any CPU
		Ad-Hoc|ARM = Ad-Hoc|ARM
		Ad-Hoc|iPhone = Ad-Hoc|iPhone
		Ad-Hoc|iPhoneSimulator = Ad-Hoc|iPhoneSimulator
		Ad-Hoc|x64 = Ad-Hoc|x64
		Ad-Hoc|x86 = Ad-Hoc|x86
		AppStore|Any CPU = AppStore|Any CPU
		AppStore|ARM = AppStore|ARM
		AppStore|iPhone = AppStore|iPhone
		AppStore|iPhoneSimulator = AppStore|iPhoneSimulator
		AppStore|x64 = AppStore|x64
		AppStore|x86 = AppStore|x86
		Debug|Any CPU = Debug|Any CPU
		Debug|ARM = Debug|ARM
		Debug|iPhone = Debug|iPhone
		Debug|iPhoneSimulator = Debug|iPhoneSimulator
		Debug|x64 = Debug|x64
		Debug|x86 = Debug|x86
		Release|Any CPU = Release|Any CPU
		Release|ARM = Release|ARM
		Release|iPhone = Release|iPhone
		Release|iPhoneSimulator = Release|iPhoneSimulator
		Release|x64 = Release|x64
		Release|x86 = Release|x86
	EndGlobalSection
	GlobalSection(ProjectConfigurationPlatforms) = postSolution
		{B012F373-A134-4CBB-882A-98C34AC4A951}.Ad-Hoc|Any CPU.ActiveCfg = Debug|Any CPU
		{B012F373-A134-4CBB-882A-98C34AC4A951}.Ad-Hoc|Any CPU.Build.0 = Debug|Any CPU
		{B012F373-A134-4CBB-882A-98C34AC4A951}.Ad-Hoc|ARM.ActiveCfg = Debug|Any CPU
		{B012F373-A134-4CBB-882A-98C34AC4A951}.Ad-Hoc|ARM.Build.0 = Debug|Any CPU
		{B012F373-A134-4CBB-882A-98C34AC4A951}.Ad-Hoc|iPhone.ActiveCfg = Debug|Any CPU
		{B012F373-A134-4CBB-882A-98C34AC4A951}.Ad-Hoc|iPhone.Build.0 = Debug|Any CPU
		{B012F373-A134-4CBB-882A-98C34AC4A951}.Ad-Hoc|iPhoneSimulator.ActiveCfg = Debug|Any CPU
		{B012F373-A134-4CBB-882A-98C34AC4A951}.Ad-Hoc|iPhoneSimulator.Build.0 = Debug|Any CPU
		{B012F373-A134-4CBB-882A-98C34AC4A951}.Ad-Hoc|x64.ActiveCfg = Debug|Any CPU
		{B012F373-A134-4CBB-882A-98C34AC4A951}.Ad-Hoc|x64.Build.0 = Debug|Any CPU
		{B012F373-A134-4CBB-882A-98C34AC4A951}.Ad-Hoc|x86.ActiveCfg = Debug|Any CPU
		{B012F373-A134-4CBB-882A-98C34AC4A951}.Ad-Hoc|x86.Build.0 = Debug|Any CPU
		{B012F373-A134-4CBB-882A-98C34AC4A951}.AppStore|Any CPU.ActiveCfg = Debug|Any CPU
		{B012F373-A134-4CBB-882A-98C34AC4A951}.AppStore|Any CPU.Build.0 = Debug|Any CPU
		{B012F373-A134-4CBB-882A-98C34AC4A951}.AppStore|ARM.ActiveCfg = Debug|Any CPU
		{B012F373-A134-4CBB-882A-98C34AC4A951}.AppStore|ARM.Build.0 = Debug|Any CPU
		{B012F373-A134-4CBB-882A-98C34AC4A951}.AppStore|iPhone.ActiveCfg = Debug|Any CPU
		{B012F373-A134-4CBB-882A-98C34AC4A951}.AppStore|iPhone.Build.0 = Debug|Any CPU
		{B012F373-A134-4CBB-882A-98C34AC4A951}.AppStore|iPhoneSimulator.ActiveCfg = Debug|Any CPU
		{B012F373-A134-4CBB-882A-98C34AC4A951}.AppStore|iPhoneSimulator.Build.0 = Debug|Any CPU
		{B012F373-A134-4CBB-882A-98C34AC4A951}.AppStore|x64.ActiveCfg = Debug|Any CPU
		{B012F373-A134-4CBB-882A-98C34AC4A951}.AppStore|x64.Build.0 = Debug|Any CPU
		{B012F373-A134-4CBB-882A-98C34AC4A951}.AppStore|x86.ActiveCfg = Debug|Any CPU
		{B012F373-A134-4CBB-882A-98C34AC4A951}.AppStore|x86.Build.0 = Debug|Any CPU
		{B012F373-A134-4CBB-882A-98C34AC4A951}.Debug|Any CPU.ActiveCfg = Debug|Any CPU
		{B012F373-A134-4CBB-882A-98C34AC4A951}.Debug|Any CPU.Build.0 = Debug|Any CPU
		{B012F373-A134-4CBB-882A-98C34AC4A951}.Debug|ARM.ActiveCfg = Debug|Any CPU
		{B012F373-A134-4CBB-882A-98C34AC4A951}.Debug|ARM.Build.0 = Debug|Any CPU
		{B012F373-A134-4CBB-882A-98C34AC4A951}.Debug|iPhone.ActiveCfg = Debug|Any CPU
		{B012F373-A134-4CBB-882A-98C34AC4A951}.Debug|iPhone.Build.0 = Debug|Any CPU
		{B012F373-A134-4CBB-882A-98C34AC4A951}.Debug|iPhoneSimulator.ActiveCfg = Debug|Any CPU
		{B012F373-A134-4CBB-882A-98C34AC4A951}.Debug|iPhoneSimulator.Build.0 = Debug|Any CPU
		{B012F373-A134-4CBB-882A-98C34AC4A951}.Debug|x64.ActiveCfg = Debug|Any CPU
		{B012F373-A134-4CBB-882A-98C34AC4A951}.Debug|x64.Build.0 = Debug|Any CPU
		{B012F373-A134-4CBB-882A-98C34AC4A951}.Debug|x86.ActiveCfg = Debug|Any CPU
		{B012F373-A134-4CBB-882A-98C34AC4A951}.Debug|x86.Build.0 = Debug|Any CPU
		{B012F373-A134-4CBB-882A-98C34AC4A951}.Release|Any CPU.ActiveCfg = Release|Any CPU
		{B012F373-A134-4CBB-882A-98C34AC4A951}.Release|Any CPU.Build.0 = Release|Any CPU
		{B012F373-A134-4CBB-882A-98C34AC4A951}.Release|ARM.ActiveCfg = Release|Any CPU
		{B012F373-A134-4CBB-882A-98C34AC4A951}.Release|ARM.Build.0 = Release|Any CPU
		{B012F373-A134-4CBB-882A-98C34AC4A951}.Release|iPhone.ActiveCfg = Release|Any CPU
		{B012F373-A134-4CBB-882A-98C34AC4A951}.Release|iPhone.Build.0 = Release|Any CPU
		{B012F373-A134-4CBB-882A-98C34AC4A951}.Release|iPhoneSimulator.ActiveCfg = Release|Any CPU
		{B012F373-A134-4CBB-882A-98C34AC4A951}.Release|iPhoneSimulator.Build.0 = Release|Any CPU
		{B012F373-A134-4CBB-882A-98C34AC4A951}.Release|x64.ActiveCfg = Release|Any CPU
		{B012F373-A134-4CBB-882A-98C34AC4A951}.Release|x64.Build.0 = Release|Any CPU
		{B012F373-A134-4CBB-882A-98C34AC4A951}.Release|x86.ActiveCfg = Release|Any CPU
		{B012F373-A134-4CBB-882A-98C34AC4A951}.Release|x86.Build.0 = Release|Any CPU
		{1969D59E-1306-4B04-B39C-A8EBC7BD2B06}.Ad-Hoc|Any CPU.ActiveCfg = Release|Any CPU
		{1969D59E-1306-4B04-B39C-A8EBC7BD2B06}.Ad-Hoc|Any CPU.Build.0 = Release|Any CPU
		{1969D59E-1306-4B04-B39C-A8EBC7BD2B06}.Ad-Hoc|Any CPU.Deploy.0 = Release|Any CPU
		{1969D59E-1306-4B04-B39C-A8EBC7BD2B06}.Ad-Hoc|ARM.ActiveCfg = Release|Any CPU
		{1969D59E-1306-4B04-B39C-A8EBC7BD2B06}.Ad-Hoc|ARM.Build.0 = Release|Any CPU
		{1969D59E-1306-4B04-B39C-A8EBC7BD2B06}.Ad-Hoc|ARM.Deploy.0 = Release|Any CPU
		{1969D59E-1306-4B04-B39C-A8EBC7BD2B06}.Ad-Hoc|iPhone.ActiveCfg = Release|Any CPU
		{1969D59E-1306-4B04-B39C-A8EBC7BD2B06}.Ad-Hoc|iPhone.Build.0 = Release|Any CPU
		{1969D59E-1306-4B04-B39C-A8EBC7BD2B06}.Ad-Hoc|iPhone.Deploy.0 = Release|Any CPU
		{1969D59E-1306-4B04-B39C-A8EBC7BD2B06}.Ad-Hoc|iPhoneSimulator.ActiveCfg = Release|Any CPU
		{1969D59E-1306-4B04-B39C-A8EBC7BD2B06}.Ad-Hoc|iPhoneSimulator.Build.0 = Release|Any CPU
		{1969D59E-1306-4B04-B39C-A8EBC7BD2B06}.Ad-Hoc|iPhoneSimulator.Deploy.0 = Release|Any CPU
		{1969D59E-1306-4B04-B39C-A8EBC7BD2B06}.Ad-Hoc|x64.ActiveCfg = Release|Any CPU
		{1969D59E-1306-4B04-B39C-A8EBC7BD2B06}.Ad-Hoc|x64.Build.0 = Release|Any CPU
		{1969D59E-1306-4B04-B39C-A8EBC7BD2B06}.Ad-Hoc|x64.Deploy.0 = Release|Any CPU
		{1969D59E-1306-4B04-B39C-A8EBC7BD2B06}.Ad-Hoc|x86.ActiveCfg = Release|Any CPU
		{1969D59E-1306-4B04-B39C-A8EBC7BD2B06}.Ad-Hoc|x86.Build.0 = Release|Any CPU
		{1969D59E-1306-4B04-B39C-A8EBC7BD2B06}.Ad-Hoc|x86.Deploy.0 = Release|Any CPU
		{1969D59E-1306-4B04-B39C-A8EBC7BD2B06}.AppStore|Any CPU.ActiveCfg = Release|Any CPU
		{1969D59E-1306-4B04-B39C-A8EBC7BD2B06}.AppStore|Any CPU.Build.0 = Release|Any CPU
		{1969D59E-1306-4B04-B39C-A8EBC7BD2B06}.AppStore|Any CPU.Deploy.0 = Release|Any CPU
		{1969D59E-1306-4B04-B39C-A8EBC7BD2B06}.AppStore|ARM.ActiveCfg = Release|Any CPU
		{1969D59E-1306-4B04-B39C-A8EBC7BD2B06}.AppStore|ARM.Build.0 = Release|Any CPU
		{1969D59E-1306-4B04-B39C-A8EBC7BD2B06}.AppStore|ARM.Deploy.0 = Release|Any CPU
		{1969D59E-1306-4B04-B39C-A8EBC7BD2B06}.AppStore|iPhone.ActiveCfg = Release|Any CPU
		{1969D59E-1306-4B04-B39C-A8EBC7BD2B06}.AppStore|iPhone.Build.0 = Release|Any CPU
		{1969D59E-1306-4B04-B39C-A8EBC7BD2B06}.AppStore|iPhone.Deploy.0 = Release|Any CPU
		{1969D59E-1306-4B04-B39C-A8EBC7BD2B06}.AppStore|iPhoneSimulator.ActiveCfg = Release|Any CPU
		{1969D59E-1306-4B04-B39C-A8EBC7BD2B06}.AppStore|iPhoneSimulator.Build.0 = Release|Any CPU
		{1969D59E-1306-4B04-B39C-A8EBC7BD2B06}.AppStore|iPhoneSimulator.Deploy.0 = Release|Any CPU
		{1969D59E-1306-4B04-B39C-A8EBC7BD2B06}.AppStore|x64.ActiveCfg = Release|Any CPU
		{1969D59E-1306-4B04-B39C-A8EBC7BD2B06}.AppStore|x64.Build.0 = Release|Any CPU
		{1969D59E-1306-4B04-B39C-A8EBC7BD2B06}.AppStore|x64.Deploy.0 = Release|Any CPU
		{1969D59E-1306-4B04-B39C-A8EBC7BD2B06}.AppStore|x86.ActiveCfg = Release|Any CPU
		{1969D59E-1306-4B04-B39C-A8EBC7BD2B06}.AppStore|x86.Build.0 = Release|Any CPU
		{1969D59E-1306-4B04-B39C-A8EBC7BD2B06}.AppStore|x86.Deploy.0 = Release|Any CPU
		{1969D59E-1306-4B04-B39C-A8EBC7BD2B06}.Debug|Any CPU.ActiveCfg = Debug|Any CPU
		{1969D59E-1306-4B04-B39C-A8EBC7BD2B06}.Debug|ARM.ActiveCfg = Debug|Any CPU
		{1969D59E-1306-4B04-B39C-A8EBC7BD2B06}.Debug|ARM.Build.0 = Debug|Any CPU
		{1969D59E-1306-4B04-B39C-A8EBC7BD2B06}.Debug|ARM.Deploy.0 = Debug|Any CPU
		{1969D59E-1306-4B04-B39C-A8EBC7BD2B06}.Debug|iPhone.ActiveCfg = Debug|Any CPU
		{1969D59E-1306-4B04-B39C-A8EBC7BD2B06}.Debug|iPhone.Build.0 = Debug|Any CPU
		{1969D59E-1306-4B04-B39C-A8EBC7BD2B06}.Debug|iPhone.Deploy.0 = Debug|Any CPU
		{1969D59E-1306-4B04-B39C-A8EBC7BD2B06}.Debug|iPhoneSimulator.ActiveCfg = Debug|Any CPU
		{1969D59E-1306-4B04-B39C-A8EBC7BD2B06}.Debug|iPhoneSimulator.Build.0 = Debug|Any CPU
		{1969D59E-1306-4B04-B39C-A8EBC7BD2B06}.Debug|iPhoneSimulator.Deploy.0 = Debug|Any CPU
		{1969D59E-1306-4B04-B39C-A8EBC7BD2B06}.Debug|x64.ActiveCfg = Debug|Any CPU
		{1969D59E-1306-4B04-B39C-A8EBC7BD2B06}.Debug|x64.Build.0 = Debug|Any CPU
		{1969D59E-1306-4B04-B39C-A8EBC7BD2B06}.Debug|x64.Deploy.0 = Debug|Any CPU
		{1969D59E-1306-4B04-B39C-A8EBC7BD2B06}.Debug|x86.ActiveCfg = Debug|Any CPU
		{1969D59E-1306-4B04-B39C-A8EBC7BD2B06}.Release|Any CPU.ActiveCfg = Release|Any CPU
		{1969D59E-1306-4B04-B39C-A8EBC7BD2B06}.Release|Any CPU.Build.0 = Release|Any CPU
		{1969D59E-1306-4B04-B39C-A8EBC7BD2B06}.Release|Any CPU.Deploy.0 = Release|Any CPU
		{1969D59E-1306-4B04-B39C-A8EBC7BD2B06}.Release|ARM.ActiveCfg = Release|Any CPU
		{1969D59E-1306-4B04-B39C-A8EBC7BD2B06}.Release|ARM.Build.0 = Release|Any CPU
		{1969D59E-1306-4B04-B39C-A8EBC7BD2B06}.Release|ARM.Deploy.0 = Release|Any CPU
		{1969D59E-1306-4B04-B39C-A8EBC7BD2B06}.Release|iPhone.ActiveCfg = Release|Any CPU
		{1969D59E-1306-4B04-B39C-A8EBC7BD2B06}.Release|iPhone.Build.0 = Release|Any CPU
		{1969D59E-1306-4B04-B39C-A8EBC7BD2B06}.Release|iPhone.Deploy.0 = Release|Any CPU
		{1969D59E-1306-4B04-B39C-A8EBC7BD2B06}.Release|iPhoneSimulator.ActiveCfg = Release|Any CPU
		{1969D59E-1306-4B04-B39C-A8EBC7BD2B06}.Release|iPhoneSimulator.Build.0 = Release|Any CPU
		{1969D59E-1306-4B04-B39C-A8EBC7BD2B06}.Release|iPhoneSimulator.Deploy.0 = Release|Any CPU
		{1969D59E-1306-4B04-B39C-A8EBC7BD2B06}.Release|x64.ActiveCfg = Release|Any CPU
		{1969D59E-1306-4B04-B39C-A8EBC7BD2B06}.Release|x64.Build.0 = Release|Any CPU
		{1969D59E-1306-4B04-B39C-A8EBC7BD2B06}.Release|x64.Deploy.0 = Release|Any CPU
		{1969D59E-1306-4B04-B39C-A8EBC7BD2B06}.Release|x86.ActiveCfg = Release|Any CPU
		{1969D59E-1306-4B04-B39C-A8EBC7BD2B06}.Release|x86.Build.0 = Release|Any CPU
		{1969D59E-1306-4B04-B39C-A8EBC7BD2B06}.Release|x86.Deploy.0 = Release|Any CPU
		{5FE26DBE-6517-4095-B508-0EF181C68A57}.Ad-Hoc|Any CPU.ActiveCfg = Ad-Hoc|iPhone
		{5FE26DBE-6517-4095-B508-0EF181C68A57}.Ad-Hoc|ARM.ActiveCfg = Ad-Hoc|iPhone
		{5FE26DBE-6517-4095-B508-0EF181C68A57}.Ad-Hoc|iPhone.ActiveCfg = Ad-Hoc|iPhone
		{5FE26DBE-6517-4095-B508-0EF181C68A57}.Ad-Hoc|iPhone.Build.0 = Ad-Hoc|iPhone
		{5FE26DBE-6517-4095-B508-0EF181C68A57}.Ad-Hoc|iPhoneSimulator.ActiveCfg = Ad-Hoc|iPhoneSimulator
		{5FE26DBE-6517-4095-B508-0EF181C68A57}.Ad-Hoc|iPhoneSimulator.Build.0 = Ad-Hoc|iPhoneSimulator
		{5FE26DBE-6517-4095-B508-0EF181C68A57}.Ad-Hoc|x64.ActiveCfg = Ad-Hoc|iPhone
		{5FE26DBE-6517-4095-B508-0EF181C68A57}.Ad-Hoc|x86.ActiveCfg = Ad-Hoc|iPhone
		{5FE26DBE-6517-4095-B508-0EF181C68A57}.AppStore|Any CPU.ActiveCfg = AppStore|iPhone
		{5FE26DBE-6517-4095-B508-0EF181C68A57}.AppStore|ARM.ActiveCfg = AppStore|iPhone
		{5FE26DBE-6517-4095-B508-0EF181C68A57}.AppStore|iPhone.ActiveCfg = AppStore|iPhone
		{5FE26DBE-6517-4095-B508-0EF181C68A57}.AppStore|iPhone.Build.0 = AppStore|iPhone
		{5FE26DBE-6517-4095-B508-0EF181C68A57}.AppStore|iPhoneSimulator.ActiveCfg = AppStore|iPhoneSimulator
		{5FE26DBE-6517-4095-B508-0EF181C68A57}.AppStore|iPhoneSimulator.Build.0 = AppStore|iPhoneSimulator
		{5FE26DBE-6517-4095-B508-0EF181C68A57}.AppStore|x64.ActiveCfg = AppStore|iPhone
		{5FE26DBE-6517-4095-B508-0EF181C68A57}.AppStore|x86.ActiveCfg = AppStore|iPhone
		{5FE26DBE-6517-4095-B508-0EF181C68A57}.Debug|Any CPU.ActiveCfg = Debug|iPhone
		{5FE26DBE-6517-4095-B508-0EF181C68A57}.Debug|ARM.ActiveCfg = Debug|iPhone
		{5FE26DBE-6517-4095-B508-0EF181C68A57}.Debug|iPhone.ActiveCfg = Debug|iPhone
		{5FE26DBE-6517-4095-B508-0EF181C68A57}.Debug|iPhone.Build.0 = Debug|iPhone
		{5FE26DBE-6517-4095-B508-0EF181C68A57}.Debug|iPhoneSimulator.ActiveCfg = Debug|iPhoneSimulator
		{5FE26DBE-6517-4095-B508-0EF181C68A57}.Debug|iPhoneSimulator.Build.0 = Debug|iPhoneSimulator
		{5FE26DBE-6517-4095-B508-0EF181C68A57}.Debug|x64.ActiveCfg = Debug|iPhone
		{5FE26DBE-6517-4095-B508-0EF181C68A57}.Debug|x86.ActiveCfg = Debug|iPhone
		{5FE26DBE-6517-4095-B508-0EF181C68A57}.Release|Any CPU.ActiveCfg = Release|iPhone
		{5FE26DBE-6517-4095-B508-0EF181C68A57}.Release|ARM.ActiveCfg = Release|iPhone
		{5FE26DBE-6517-4095-B508-0EF181C68A57}.Release|iPhone.ActiveCfg = Release|iPhone
		{5FE26DBE-6517-4095-B508-0EF181C68A57}.Release|iPhone.Build.0 = Release|iPhone
		{5FE26DBE-6517-4095-B508-0EF181C68A57}.Release|iPhoneSimulator.ActiveCfg = Release|iPhoneSimulator
		{5FE26DBE-6517-4095-B508-0EF181C68A57}.Release|iPhoneSimulator.Build.0 = Release|iPhoneSimulator
		{5FE26DBE-6517-4095-B508-0EF181C68A57}.Release|x64.ActiveCfg = Release|iPhone
		{5FE26DBE-6517-4095-B508-0EF181C68A57}.Release|x86.ActiveCfg = Release|iPhone
	EndGlobalSection
	GlobalSection(SolutionProperties) = preSolution
		HideSolutionNode = FALSE
	EndGlobalSection
	GlobalSection(ExtensibilityGlobals) = postSolution
		SolutionGuid = {A8F6A16E-3514-4C6B-9537-23FEDE42C125}
	EndGlobalSection
EndGlobal
